
Microsoft Visual Studio Solution File, Format Version 12.00
# Visual Studio Version 16
VisualStudioVersion = 16.0.30524.135
MinimumVisualStudioVersion = 10.0.40219.1
Project("{9A19103F-16F7-4668-BE54-9A1E7A4F7556}") = "Pic.Service", "Sources\Pic.Service\Pic.Service.csproj", "{F8BDBF51-A973-4267-B25C-A4C3C10E0EDC}"
EndProject
Project("{9A19103F-16F7-4668-BE54-9A1E7A4F7556}") = "Pic.Migrations", "Sources\Pic.Migrations\Pic.Migrations.csproj", "{F74ED524-A641-4816-A7FE-F4F5EAE4F5A4}"
EndProject
Project("{9A19103F-16F7-4668-BE54-9A1E7A4F7556}") = "Pic.Database", "Sources\Pic.Database\Pic.Database.csproj", "{CDCBAA9F-AB3D-44EE-84D6-271D6AEE0601}"
EndProject
Project("{9A19103F-16F7-4668-BE54-9A1E7A4F7556}") = "Pic.Pictures", "Sources\Pic.Pictures\Pic.Pictures.csproj", "{F2E2471A-7D7D-4AF4-BB39-1167CF4C68B6}"
EndProject
Project("{9A19103F-16F7-4668-BE54-9A1E7A4F7556}") = "Pic.Database.Data", "Sources\Pic.Database.Data\Pic.Database.Data.csproj", "{618C9C82-AC80-4D6E-8BB3-9F9CCE48FF6F}"
EndProject
Project("{2150E333-8FDC-42A3-9474-1A3956D46DE8}") = "Shared", "Shared", "{2B15F47E-90C5-4AC4-9972-4690FD25226F}"
EndProject
Project("{2150E333-8FDC-42A3-9474-1A3956D46DE8}") = "Pictures", "Pictures", "{D8B5F390-6747-4D35-91B9-9FE4AD716FCA}"
EndProject
Project("{FAE04EC0-301F-11D3-BF4B-00C04F79EFBC}") = "Pic.Pictures.Data", "Pic.Pictures.Data\Pic.Pictures.Data.csproj", "{56253223-A5C4-49D1-B0E8-98A20AFC5F26}"
EndProject
Project("{2150E333-8FDC-42A3-9474-1A3956D46DE8}") = "Albums", "Albums", "{89F093CD-81D6-4208-844B-AB49B7FE0354}"
EndProject
Project("{FAE04EC0-301F-11D3-BF4B-00C04F79EFBC}") = "Pic.Albums.Data", "Sources\Pic.Albums.Data\Pic.Albums.Data.csproj", "{CD97195C-B494-4CD7-BF90-AC11C7556FBF}"
EndProject
Project("{FAE04EC0-301F-11D3-BF4B-00C04F79EFBC}") = "Pic.Albums", "Pic.Albums\Pic.Albums.csproj", "{DDC1FEE4-BB02-476F-8033-3562CE2BE068}"
EndProject
Global
	GlobalSection(SolutionConfigurationPlatforms) = preSolution
		Debug|Any CPU = Debug|Any CPU
		Release|Any CPU = Release|Any CPU
	EndGlobalSection
	GlobalSection(ProjectConfigurationPlatforms) = postSolution
		{F8BDBF51-A973-4267-B25C-A4C3C10E0EDC}.Debug|Any CPU.ActiveCfg = Debug|Any CPU
		{F8BDBF51-A973-4267-B25C-A4C3C10E0EDC}.Debug|Any CPU.Build.0 = Debug|Any CPU
		{F8BDBF51-A973-4267-B25C-A4C3C10E0EDC}.Release|Any CPU.ActiveCfg = Release|Any CPU
		{F8BDBF51-A973-4267-B25C-A4C3C10E0EDC}.Release|Any CPU.Build.0 = Release|Any CPU
		{F74ED524-A641-4816-A7FE-F4F5EAE4F5A4}.Debug|Any CPU.ActiveCfg = Debug|Any CPU
		{F74ED524-A641-4816-A7FE-F4F5EAE4F5A4}.Debug|Any CPU.Build.0 = Debug|Any CPU
		{F74ED524-A641-4816-A7FE-F4F5EAE4F5A4}.Release|Any CPU.ActiveCfg = Release|Any CPU
		{F74ED524-A641-4816-A7FE-F4F5EAE4F5A4}.Release|Any CPU.Build.0 = Release|Any CPU
		{CDCBAA9F-AB3D-44EE-84D6-271D6AEE0601}.Debug|Any CPU.ActiveCfg = Debug|Any CPU
		{CDCBAA9F-AB3D-44EE-84D6-271D6AEE0601}.Debug|Any CPU.Build.0 = Debug|Any CPU
		{CDCBAA9F-AB3D-44EE-84D6-271D6AEE0601}.Release|Any CPU.ActiveCfg = Release|Any CPU
		{CDCBAA9F-AB3D-44EE-84D6-271D6AEE0601}.Release|Any CPU.Build.0 = Release|Any CPU
		{F2E2471A-7D7D-4AF4-BB39-1167CF4C68B6}.Debug|Any CPU.ActiveCfg = Debug|Any CPU
		{F2E2471A-7D7D-4AF4-BB39-1167CF4C68B6}.Debug|Any CPU.Build.0 = Debug|Any CPU
		{F2E2471A-7D7D-4AF4-BB39-1167CF4C68B6}.Release|Any CPU.ActiveCfg = Release|Any CPU
		{F2E2471A-7D7D-4AF4-BB39-1167CF4C68B6}.Release|Any CPU.Build.0 = Release|Any CPU
		{618C9C82-AC80-4D6E-8BB3-9F9CCE48FF6F}.Debug|Any CPU.ActiveCfg = Debug|Any CPU
		{618C9C82-AC80-4D6E-8BB3-9F9CCE48FF6F}.Debug|Any CPU.Build.0 = Debug|Any CPU
		{618C9C82-AC80-4D6E-8BB3-9F9CCE48FF6F}.Release|Any CPU.ActiveCfg = Release|Any CPU
		{618C9C82-AC80-4D6E-8BB3-9F9CCE48FF6F}.Release|Any CPU.Build.0 = Release|Any CPU
		{56253223-A5C4-49D1-B0E8-98A20AFC5F26}.Debug|Any CPU.ActiveCfg = Debug|Any CPU
		{56253223-A5C4-49D1-B0E8-98A20AFC5F26}.Debug|Any CPU.Build.0 = Debug|Any CPU
		{56253223-A5C4-49D1-B0E8-98A20AFC5F26}.Release|Any CPU.ActiveCfg = Release|Any CPU
		{56253223-A5C4-49D1-B0E8-98A20AFC5F26}.Release|Any CPU.Build.0 = Release|Any CPU
		{CD97195C-B494-4CD7-BF90-AC11C7556FBF}.Debug|Any CPU.ActiveCfg = Debug|Any CPU
		{CD97195C-B494-4CD7-BF90-AC11C7556FBF}.Debug|Any CPU.Build.0 = Debug|Any CPU
		{CD97195C-B494-4CD7-BF90-AC11C7556FBF}.Release|Any CPU.ActiveCfg = Release|Any CPU
		{CD97195C-B494-4CD7-BF90-AC11C7556FBF}.Release|Any CPU.Build.0 = Release|Any CPU
		{DDC1FEE4-BB02-476F-8033-3562CE2BE068}.Debug|Any CPU.ActiveCfg = Debug|Any CPU
		{DDC1FEE4-BB02-476F-8033-3562CE2BE068}.Debug|Any CPU.Build.0 = Debug|Any CPU
		{DDC1FEE4-BB02-476F-8033-3562CE2BE068}.Release|Any CPU.ActiveCfg = Release|Any CPU
		{DDC1FEE4-BB02-476F-8033-3562CE2BE068}.Release|Any CPU.Build.0 = Release|Any CPU
	EndGlobalSection
	GlobalSection(SolutionProperties) = preSolution
		HideSolutionNode = FALSE
	EndGlobalSection
	GlobalSection(NestedProjects) = preSolution
		{CDCBAA9F-AB3D-44EE-84D6-271D6AEE0601} = {2B15F47E-90C5-4AC4-9972-4690FD25226F}
		{F2E2471A-7D7D-4AF4-BB39-1167CF4C68B6} = {D8B5F390-6747-4D35-91B9-9FE4AD716FCA}
		{618C9C82-AC80-4D6E-8BB3-9F9CCE48FF6F} = {2B15F47E-90C5-4AC4-9972-4690FD25226F}
		{56253223-A5C4-49D1-B0E8-98A20AFC5F26} = {D8B5F390-6747-4D35-91B9-9FE4AD716FCA}
		{CD97195C-B494-4CD7-BF90-AC11C7556FBF} = {89F093CD-81D6-4208-844B-AB49B7FE0354}
		{DDC1FEE4-BB02-476F-8033-3562CE2BE068} = {89F093CD-81D6-4208-844B-AB49B7FE0354}
	EndGlobalSection
	GlobalSection(ExtensibilityGlobals) = postSolution
		SolutionGuid = {12CF73AF-2A38-4D4E-AF8C-7DAC3C3E5496}
	EndGlobalSection
EndGlobal
