
Microsoft Visual Studio Solution File, Format Version 12.00
# Visual Studio Version 17
VisualStudioVersion = 17.0.31717.71
MinimumVisualStudioVersion = 10.0.40219.1
Project("{2150E333-8FDC-42A3-9474-1A3956D46DE8}") = "Solution Items", "Solution Items", "{1F981D79-B307-4E21-889F-69A7AB636696}"
	ProjectSection(SolutionItems) = preProject
		.editorconfig = .editorconfig
		Directory.Build.props = Directory.Build.props
	EndProjectSection
EndProject
Project("{9A19103F-16F7-4668-BE54-9A1E7A4F7556}") = "Pic.Service", "Sources\Pic.Service\Pic.Service.csproj", "{3ED22457-D450-4F41-9460-1B0F817E7DF9}"
EndProject
Project("{9A19103F-16F7-4668-BE54-9A1E7A4F7556}") = "Pic.Data", "Sources\Pic.Data\Pic.Data.csproj", "{2B024E65-B659-4A6D-B058-B38A81524E52}"
EndProject
Project("{9A19103F-16F7-4668-BE54-9A1E7A4F7556}") = "Pic.Data.Migrations", "Sources\Pic.Data.Migrations\Pic.Data.Migrations.csproj", "{8DCED911-09B8-475A-9729-383F74A03220}"
EndProject
Project("{9A19103F-16F7-4668-BE54-9A1E7A4F7556}") = "Pic.Core.Logic", "Sources\Pic.Core.Logic\Pic.Core.Logic.csproj", "{72E691CB-4991-4A6F-8903-D70836E37D55}"
EndProject
Project("{2150E333-8FDC-42A3-9474-1A3956D46DE8}") = "Core", "Core", "{83A9C775-0762-4183-B917-CD3D8F2622C9}"
EndProject
Project("{9A19103F-16F7-4668-BE54-9A1E7A4F7556}") = "Pic.Core.Infrastructure", "Sources\Pic.Core.Infrastructure\Pic.Core.Infrastructure.csproj", "{B1587F7C-2336-40F1-9BF4-5F9B444BD004}"
EndProject
Project("{9A19103F-16F7-4668-BE54-9A1E7A4F7556}") = "Pic.Core.Shared", "Sources\Pic.Core.Shared\Pic.Core.Shared.csproj", "{E19A998F-4C24-4B67-AD03-D23572CEFB38}"
EndProject
Project("{2150E333-8FDC-42A3-9474-1A3956D46DE8}") = "Data", "Data", "{66E9AE63-8F42-4802-873F-758D7129A595}"
EndProject
Project("{2150E333-8FDC-42A3-9474-1A3956D46DE8}") = "Service", "Service", "{3ADD825D-3503-4719-A74B-1F2E4A1A787D}"
EndProject
Project("{2150E333-8FDC-42A3-9474-1A3956D46DE8}") = "Logic", "Logic", "{397F3F05-14F8-4A65-8FD3-BA5E67F6C66D}"
EndProject
Project("{9A19103F-16F7-4668-BE54-9A1E7A4F7556}") = "Pic.Logic", "Sources\Pic.Logic\Pic.Logic.csproj", "{9A6FBDDE-EE90-4696-BA48-2FF5C9F638EA}"
EndProject
Global
	GlobalSection(SolutionConfigurationPlatforms) = preSolution
		Debug|Any CPU = Debug|Any CPU
		Release|Any CPU = Release|Any CPU
	EndGlobalSection
	GlobalSection(ProjectConfigurationPlatforms) = postSolution
		{3ED22457-D450-4F41-9460-1B0F817E7DF9}.Debug|Any CPU.ActiveCfg = Debug|Any CPU
		{3ED22457-D450-4F41-9460-1B0F817E7DF9}.Debug|Any CPU.Build.0 = Debug|Any CPU
		{3ED22457-D450-4F41-9460-1B0F817E7DF9}.Release|Any CPU.ActiveCfg = Release|Any CPU
		{3ED22457-D450-4F41-9460-1B0F817E7DF9}.Release|Any CPU.Build.0 = Release|Any CPU
		{2B024E65-B659-4A6D-B058-B38A81524E52}.Debug|Any CPU.ActiveCfg = Debug|Any CPU
		{2B024E65-B659-4A6D-B058-B38A81524E52}.Debug|Any CPU.Build.0 = Debug|Any CPU
		{2B024E65-B659-4A6D-B058-B38A81524E52}.Release|Any CPU.ActiveCfg = Release|Any CPU
		{2B024E65-B659-4A6D-B058-B38A81524E52}.Release|Any CPU.Build.0 = Release|Any CPU
		{8DCED911-09B8-475A-9729-383F74A03220}.Debug|Any CPU.ActiveCfg = Debug|Any CPU
		{8DCED911-09B8-475A-9729-383F74A03220}.Debug|Any CPU.Build.0 = Debug|Any CPU
		{8DCED911-09B8-475A-9729-383F74A03220}.Release|Any CPU.ActiveCfg = Release|Any CPU
		{8DCED911-09B8-475A-9729-383F74A03220}.Release|Any CPU.Build.0 = Release|Any CPU
		{72E691CB-4991-4A6F-8903-D70836E37D55}.Debug|Any CPU.ActiveCfg = Debug|Any CPU
		{72E691CB-4991-4A6F-8903-D70836E37D55}.Debug|Any CPU.Build.0 = Debug|Any CPU
		{72E691CB-4991-4A6F-8903-D70836E37D55}.Release|Any CPU.ActiveCfg = Release|Any CPU
		{72E691CB-4991-4A6F-8903-D70836E37D55}.Release|Any CPU.Build.0 = Release|Any CPU
		{B1587F7C-2336-40F1-9BF4-5F9B444BD004}.Debug|Any CPU.ActiveCfg = Debug|Any CPU
		{B1587F7C-2336-40F1-9BF4-5F9B444BD004}.Debug|Any CPU.Build.0 = Debug|Any CPU
		{B1587F7C-2336-40F1-9BF4-5F9B444BD004}.Release|Any CPU.ActiveCfg = Release|Any CPU
		{B1587F7C-2336-40F1-9BF4-5F9B444BD004}.Release|Any CPU.Build.0 = Release|Any CPU
		{E19A998F-4C24-4B67-AD03-D23572CEFB38}.Debug|Any CPU.ActiveCfg = Debug|Any CPU
		{E19A998F-4C24-4B67-AD03-D23572CEFB38}.Debug|Any CPU.Build.0 = Debug|Any CPU
		{E19A998F-4C24-4B67-AD03-D23572CEFB38}.Release|Any CPU.ActiveCfg = Release|Any CPU
		{E19A998F-4C24-4B67-AD03-D23572CEFB38}.Release|Any CPU.Build.0 = Release|Any CPU
		{9A6FBDDE-EE90-4696-BA48-2FF5C9F638EA}.Debug|Any CPU.ActiveCfg = Debug|Any CPU
		{9A6FBDDE-EE90-4696-BA48-2FF5C9F638EA}.Debug|Any CPU.Build.0 = Debug|Any CPU
		{9A6FBDDE-EE90-4696-BA48-2FF5C9F638EA}.Release|Any CPU.ActiveCfg = Release|Any CPU
		{9A6FBDDE-EE90-4696-BA48-2FF5C9F638EA}.Release|Any CPU.Build.0 = Release|Any CPU
	EndGlobalSection
	GlobalSection(SolutionProperties) = preSolution
		HideSolutionNode = FALSE
	EndGlobalSection
	GlobalSection(NestedProjects) = preSolution
		{3ED22457-D450-4F41-9460-1B0F817E7DF9} = {3ADD825D-3503-4719-A74B-1F2E4A1A787D}
		{2B024E65-B659-4A6D-B058-B38A81524E52} = {66E9AE63-8F42-4802-873F-758D7129A595}
		{8DCED911-09B8-475A-9729-383F74A03220} = {66E9AE63-8F42-4802-873F-758D7129A595}
		{72E691CB-4991-4A6F-8903-D70836E37D55} = {83A9C775-0762-4183-B917-CD3D8F2622C9}
		{B1587F7C-2336-40F1-9BF4-5F9B444BD004} = {83A9C775-0762-4183-B917-CD3D8F2622C9}
		{E19A998F-4C24-4B67-AD03-D23572CEFB38} = {83A9C775-0762-4183-B917-CD3D8F2622C9}
		{9A6FBDDE-EE90-4696-BA48-2FF5C9F638EA} = {397F3F05-14F8-4A65-8FD3-BA5E67F6C66D}
	EndGlobalSection
	GlobalSection(ExtensibilityGlobals) = postSolution
		SolutionGuid = {12CF73AF-2A38-4D4E-AF8C-7DAC3C3E5496}
	EndGlobalSection
EndGlobal
