
Microsoft Visual Studio Solution File, Format Version 12.00
# Visual Studio Version 17
VisualStudioVersion = 17.0.31717.71
MinimumVisualStudioVersion = 10.0.40219.1
Project("{2150E333-8FDC-42A3-9474-1A3956D46DE8}") = "Solution Items", "Solution Items", "{1F981D79-B307-4E21-889F-69A7AB636696}"
	ProjectSection(SolutionItems) = preProject
		.editorconfig = .editorconfig
		Directory.Build.props = Directory.Build.props
		.gitignore = .gitignore
	EndProjectSection
EndProject
Project("{2150E333-8FDC-42A3-9474-1A3956D46DE8}") = "Shared", "Shared", "{47F46298-3925-4749-AECD-390553F93E4F}"
EndProject
Project("{2150E333-8FDC-42A3-9474-1A3956D46DE8}") = "Microservices", "Microservices", "{450C015E-7656-4321-A436-D8F2837C8B64}"
EndProject
Project("{2150E333-8FDC-42A3-9474-1A3956D46DE8}") = "Pictures", "Pictures", "{CA19A390-7A1F-493C-87FC-5AFF174F4677}"
EndProject
Project("{2150E333-8FDC-42A3-9474-1A3956D46DE8}") = "Auth", "Auth", "{29E740B6-8E42-4E48-92FF-D3E9EA655CB0}"
EndProject
Project("{2150E333-8FDC-42A3-9474-1A3956D46DE8}") = "Admin", "Admin", "{4A197342-8B7D-40A9-9629-6F3DA4218459}"
EndProject
Project("{9A19103F-16F7-4668-BE54-9A1E7A4F7556}") = "PS.Shared.Application", "Sources\Shared\PS.Shared.Application\PS.Shared.Application.csproj", "{BD1BB65B-6FF6-4194-A2D0-DF3AC509151A}"
EndProject
Project("{9A19103F-16F7-4668-BE54-9A1E7A4F7556}") = "PS.Shared.Infrastructure", "Sources\Shared\PS.Shared.Infrastructure\PS.Shared.Infrastructure.csproj", "{D1DE348D-7408-463A-BEA4-8D53890C6DBC}"
EndProject
Project("{9A19103F-16F7-4668-BE54-9A1E7A4F7556}") = "PS.Shared.Domain", "Sources\Shared\PS.Shared.Domain\PS.Shared.Domain.csproj", "{508995A5-483A-47CF-AA26-85B548390B30}"
EndProject
Project("{9A19103F-16F7-4668-BE54-9A1E7A4F7556}") = "PS.Pictures.Application", "Sources\Microservices\Pictures\PS.Pictures.Application\PS.Pictures.Application.csproj", "{57D11C1F-4636-4507-B3D5-A9A60A3E7719}"
EndProject
Project("{9A19103F-16F7-4668-BE54-9A1E7A4F7556}") = "PS.Pictures.Domain", "Sources\Microservices\Pictures\PS.Pictures.Domain\PS.Pictures.Domain.csproj", "{1386BCC2-2861-4740-97CD-9B0E5C6EE2AD}"
EndProject
Project("{9A19103F-16F7-4668-BE54-9A1E7A4F7556}") = "PS.Pictures.Infrastructure", "Sources\Microservices\Pictures\PS.Pictures.Infrastructure\PS.Pictures.Infrastructure.csproj", "{AFC281DB-881F-4474-8D93-E2FD1D55DE92}"
EndProject
Project("{9A19103F-16F7-4668-BE54-9A1E7A4F7556}") = "PS.Pictures.Api", "Sources\Microservices\Pictures\PS.Pictures.Api\PS.Pictures.Api.csproj", "{60941B17-907A-440A-BB99-677DC4074A72}"
EndProject
Project("{2150E333-8FDC-42A3-9474-1A3956D46DE8}") = "Storage", "Storage", "{7AF2AC61-AB50-4859-B6DA-C9834FABC33E}"
EndProject
Project("{FAE04EC0-301F-11D3-BF4B-00C04F79EFBC}") = "PS.Storage.Api", "Sources\Microservices\Storage\PS.Storage.Api\PS.Storage.Api.csproj", "{3FE0625C-AB8F-4115-AC32-A3CAABD48FFC}"
EndProject
Project("{FAE04EC0-301F-11D3-BF4B-00C04F79EFBC}") = "PS.Storage.Application", "Sources\Microservices\Storage\PS.Storage.Application\PS.Storage.Application.csproj", "{CDC7BD5C-6D68-4071-ADDE-FB1B85C1E6B1}"
EndProject
Project("{FAE04EC0-301F-11D3-BF4B-00C04F79EFBC}") = "PS.Storage.Infrastructure", "Sources\Microservices\Storage\PS.Storage.Infrastructure\PS.Storage.Infrastructure.csproj", "{A3D7C4F0-DA54-4A3D-B831-4F28F53DB1A4}"
EndProject
Global
	GlobalSection(SolutionConfigurationPlatforms) = preSolution
		Debug|Any CPU = Debug|Any CPU
		Release|Any CPU = Release|Any CPU
	EndGlobalSection
	GlobalSection(ProjectConfigurationPlatforms) = postSolution
		{BD1BB65B-6FF6-4194-A2D0-DF3AC509151A}.Debug|Any CPU.ActiveCfg = Debug|Any CPU
		{BD1BB65B-6FF6-4194-A2D0-DF3AC509151A}.Debug|Any CPU.Build.0 = Debug|Any CPU
		{BD1BB65B-6FF6-4194-A2D0-DF3AC509151A}.Release|Any CPU.ActiveCfg = Release|Any CPU
		{BD1BB65B-6FF6-4194-A2D0-DF3AC509151A}.Release|Any CPU.Build.0 = Release|Any CPU
		{D1DE348D-7408-463A-BEA4-8D53890C6DBC}.Debug|Any CPU.ActiveCfg = Debug|Any CPU
		{D1DE348D-7408-463A-BEA4-8D53890C6DBC}.Debug|Any CPU.Build.0 = Debug|Any CPU
		{D1DE348D-7408-463A-BEA4-8D53890C6DBC}.Release|Any CPU.ActiveCfg = Release|Any CPU
		{D1DE348D-7408-463A-BEA4-8D53890C6DBC}.Release|Any CPU.Build.0 = Release|Any CPU
		{508995A5-483A-47CF-AA26-85B548390B30}.Debug|Any CPU.ActiveCfg = Debug|Any CPU
		{508995A5-483A-47CF-AA26-85B548390B30}.Debug|Any CPU.Build.0 = Debug|Any CPU
		{508995A5-483A-47CF-AA26-85B548390B30}.Release|Any CPU.ActiveCfg = Release|Any CPU
		{508995A5-483A-47CF-AA26-85B548390B30}.Release|Any CPU.Build.0 = Release|Any CPU
		{57D11C1F-4636-4507-B3D5-A9A60A3E7719}.Debug|Any CPU.ActiveCfg = Debug|Any CPU
		{57D11C1F-4636-4507-B3D5-A9A60A3E7719}.Debug|Any CPU.Build.0 = Debug|Any CPU
		{57D11C1F-4636-4507-B3D5-A9A60A3E7719}.Release|Any CPU.ActiveCfg = Release|Any CPU
		{57D11C1F-4636-4507-B3D5-A9A60A3E7719}.Release|Any CPU.Build.0 = Release|Any CPU
		{1386BCC2-2861-4740-97CD-9B0E5C6EE2AD}.Debug|Any CPU.ActiveCfg = Debug|Any CPU
		{1386BCC2-2861-4740-97CD-9B0E5C6EE2AD}.Debug|Any CPU.Build.0 = Debug|Any CPU
		{1386BCC2-2861-4740-97CD-9B0E5C6EE2AD}.Release|Any CPU.ActiveCfg = Release|Any CPU
		{1386BCC2-2861-4740-97CD-9B0E5C6EE2AD}.Release|Any CPU.Build.0 = Release|Any CPU
		{AFC281DB-881F-4474-8D93-E2FD1D55DE92}.Debug|Any CPU.ActiveCfg = Debug|Any CPU
		{AFC281DB-881F-4474-8D93-E2FD1D55DE92}.Debug|Any CPU.Build.0 = Debug|Any CPU
		{AFC281DB-881F-4474-8D93-E2FD1D55DE92}.Release|Any CPU.ActiveCfg = Release|Any CPU
		{AFC281DB-881F-4474-8D93-E2FD1D55DE92}.Release|Any CPU.Build.0 = Release|Any CPU
		{60941B17-907A-440A-BB99-677DC4074A72}.Debug|Any CPU.ActiveCfg = Debug|Any CPU
		{60941B17-907A-440A-BB99-677DC4074A72}.Debug|Any CPU.Build.0 = Debug|Any CPU
		{60941B17-907A-440A-BB99-677DC4074A72}.Release|Any CPU.ActiveCfg = Release|Any CPU
		{60941B17-907A-440A-BB99-677DC4074A72}.Release|Any CPU.Build.0 = Release|Any CPU
		{3FE0625C-AB8F-4115-AC32-A3CAABD48FFC}.Debug|Any CPU.ActiveCfg = Debug|Any CPU
		{3FE0625C-AB8F-4115-AC32-A3CAABD48FFC}.Debug|Any CPU.Build.0 = Debug|Any CPU
		{3FE0625C-AB8F-4115-AC32-A3CAABD48FFC}.Release|Any CPU.ActiveCfg = Release|Any CPU
		{3FE0625C-AB8F-4115-AC32-A3CAABD48FFC}.Release|Any CPU.Build.0 = Release|Any CPU
		{CDC7BD5C-6D68-4071-ADDE-FB1B85C1E6B1}.Debug|Any CPU.ActiveCfg = Debug|Any CPU
		{CDC7BD5C-6D68-4071-ADDE-FB1B85C1E6B1}.Debug|Any CPU.Build.0 = Debug|Any CPU
		{CDC7BD5C-6D68-4071-ADDE-FB1B85C1E6B1}.Release|Any CPU.ActiveCfg = Release|Any CPU
		{CDC7BD5C-6D68-4071-ADDE-FB1B85C1E6B1}.Release|Any CPU.Build.0 = Release|Any CPU
		{A3D7C4F0-DA54-4A3D-B831-4F28F53DB1A4}.Debug|Any CPU.ActiveCfg = Debug|Any CPU
		{A3D7C4F0-DA54-4A3D-B831-4F28F53DB1A4}.Debug|Any CPU.Build.0 = Debug|Any CPU
		{A3D7C4F0-DA54-4A3D-B831-4F28F53DB1A4}.Release|Any CPU.ActiveCfg = Release|Any CPU
		{A3D7C4F0-DA54-4A3D-B831-4F28F53DB1A4}.Release|Any CPU.Build.0 = Release|Any CPU
	EndGlobalSection
	GlobalSection(SolutionProperties) = preSolution
		HideSolutionNode = FALSE
	EndGlobalSection
	GlobalSection(NestedProjects) = preSolution
		{CA19A390-7A1F-493C-87FC-5AFF174F4677} = {450C015E-7656-4321-A436-D8F2837C8B64}
		{29E740B6-8E42-4E48-92FF-D3E9EA655CB0} = {450C015E-7656-4321-A436-D8F2837C8B64}
		{4A197342-8B7D-40A9-9629-6F3DA4218459} = {450C015E-7656-4321-A436-D8F2837C8B64}
		{BD1BB65B-6FF6-4194-A2D0-DF3AC509151A} = {47F46298-3925-4749-AECD-390553F93E4F}
		{D1DE348D-7408-463A-BEA4-8D53890C6DBC} = {47F46298-3925-4749-AECD-390553F93E4F}
		{508995A5-483A-47CF-AA26-85B548390B30} = {47F46298-3925-4749-AECD-390553F93E4F}
		{57D11C1F-4636-4507-B3D5-A9A60A3E7719} = {CA19A390-7A1F-493C-87FC-5AFF174F4677}
		{1386BCC2-2861-4740-97CD-9B0E5C6EE2AD} = {CA19A390-7A1F-493C-87FC-5AFF174F4677}
		{AFC281DB-881F-4474-8D93-E2FD1D55DE92} = {CA19A390-7A1F-493C-87FC-5AFF174F4677}
		{60941B17-907A-440A-BB99-677DC4074A72} = {CA19A390-7A1F-493C-87FC-5AFF174F4677}
		{7AF2AC61-AB50-4859-B6DA-C9834FABC33E} = {450C015E-7656-4321-A436-D8F2837C8B64}
		{3FE0625C-AB8F-4115-AC32-A3CAABD48FFC} = {7AF2AC61-AB50-4859-B6DA-C9834FABC33E}
		{CDC7BD5C-6D68-4071-ADDE-FB1B85C1E6B1} = {7AF2AC61-AB50-4859-B6DA-C9834FABC33E}
		{A3D7C4F0-DA54-4A3D-B831-4F28F53DB1A4} = {7AF2AC61-AB50-4859-B6DA-C9834FABC33E}
	EndGlobalSection
	GlobalSection(ExtensibilityGlobals) = postSolution
		SolutionGuid = {12CF73AF-2A38-4D4E-AF8C-7DAC3C3E5496}
	EndGlobalSection
EndGlobal
